
Microsoft Visual Studio Solution File, Format Version 12.00
# Visual Studio 15
VisualStudioVersion = 15.0.27004.2005
MinimumVisualStudioVersion = 10.0.40219.1
Project("{2150E333-8FDC-42A3-9474-1A3956D46DE8}") = "WebApi", "WebApi", "{73600492-B11D-4AEA-AABA-A4E271B96160}"
EndProject
Project("{FAE04EC0-301F-11D3-BF4B-00C04F79EFBC}") = "Test.WebApi", "Test.WebApi\Test.WebApi.csproj", "{A3B00977-48D8-4212-BBE2-18160D14E8FE}"
EndProject
Project("{2150E333-8FDC-42A3-9474-1A3956D46DE8}") = "Services", "Services", "{F042F1E0-897A-4D3B-A2D0-83AC110B220C}"
EndProject
Project("{2150E333-8FDC-42A3-9474-1A3956D46DE8}") = "DataAccess", "DataAccess", "{244D0A5C-4FB8-419E-9C1C-3E6FF6672B82}"
EndProject
Project("{2150E333-8FDC-42A3-9474-1A3956D46DE8}") = "Client", "Client", "{4C4AD354-4A24-4540-AE4D-7D8640252D80}"
EndProject
Project("{FAE04EC0-301F-11D3-BF4B-00C04F79EFBC}") = "Test.DataAccess", "Test.DataAccess\Test.DataAccess.csproj", "{B22A3062-0708-40EA-AE35-92D41A7056DD}"
EndProject
Project("{2150E333-8FDC-42A3-9474-1A3956D46DE8}") = "Database", "Database", "{55577EF2-839C-4D98-8CA7-E16ADBC931EA}"
EndProject
Project("{00D1A9C2-B5F0-4AF3-8072-F6C62B433612}") = "Test.Databse", "Test.Databse\Test.Databse.sqlproj", "{488FF9F1-87F7-48A8-9398-6C4B3C43DEB4}"
EndProject
Project("{FAE04EC0-301F-11D3-BF4B-00C04F79EFBC}") = "Test.DataEntity", "Test.DataEntity\Test.DataEntity.csproj", "{28A414F7-BDB6-4DF3-AA09-6F87D6838B72}"
EndProject
Project("{FAE04EC0-301F-11D3-BF4B-00C04F79EFBC}") = "Test.Service", "Test.Service\Test.Service.csproj", "{9F964DE0-FC03-4B4A-B684-90D129889CE0}"
EndProject
Project("{FAE04EC0-301F-11D3-BF4B-00C04F79EFBC}") = "Test.Client", "Test.Client\Test.Client.csproj", "{A452C80C-7111-4844-B15B-59A1D9A42880}"
EndProject
Project("{FAE04EC0-301F-11D3-BF4B-00C04F79EFBC}") = "Test.Client.Tests", "Test.Client.Tests\Test.Client.Tests.csproj", "{1BC3B259-10C9-4E09-BD7A-FDCCD325E346}"
EndProject
Project("{2150E333-8FDC-42A3-9474-1A3956D46DE8}") = "UnitTest", "UnitTest", "{59382F0C-D70A-4594-A824-FE4230768764}"
EndProject
Project("{FAE04EC0-301F-11D3-BF4B-00C04F79EFBC}") = "ServiceTest", "ServiceTest\ServiceTest.csproj", "{1D13526E-2CB3-4FA2-9876-8E3FED247CC3}"
EndProject
Project("{FAE04EC0-301F-11D3-BF4B-00C04F79EFBC}") = "RepositoryTest", "RepositoryTest\RepositoryTest.csproj", "{F63EA7B6-789F-420E-99D7-CF4D51082021}"
EndProject
Global
	GlobalSection(SolutionConfigurationPlatforms) = preSolution
		Debug|Any CPU = Debug|Any CPU
		Release|Any CPU = Release|Any CPU
	EndGlobalSection
	GlobalSection(ProjectConfigurationPlatforms) = postSolution
		{A3B00977-48D8-4212-BBE2-18160D14E8FE}.Debug|Any CPU.ActiveCfg = Debug|Any CPU
		{A3B00977-48D8-4212-BBE2-18160D14E8FE}.Debug|Any CPU.Build.0 = Debug|Any CPU
		{A3B00977-48D8-4212-BBE2-18160D14E8FE}.Release|Any CPU.ActiveCfg = Release|Any CPU
		{A3B00977-48D8-4212-BBE2-18160D14E8FE}.Release|Any CPU.Build.0 = Release|Any CPU
		{B22A3062-0708-40EA-AE35-92D41A7056DD}.Debug|Any CPU.ActiveCfg = Debug|Any CPU
		{B22A3062-0708-40EA-AE35-92D41A7056DD}.Debug|Any CPU.Build.0 = Debug|Any CPU
		{B22A3062-0708-40EA-AE35-92D41A7056DD}.Release|Any CPU.ActiveCfg = Release|Any CPU
		{B22A3062-0708-40EA-AE35-92D41A7056DD}.Release|Any CPU.Build.0 = Release|Any CPU
		{488FF9F1-87F7-48A8-9398-6C4B3C43DEB4}.Debug|Any CPU.ActiveCfg = Debug|Any CPU
		{488FF9F1-87F7-48A8-9398-6C4B3C43DEB4}.Debug|Any CPU.Build.0 = Debug|Any CPU
		{488FF9F1-87F7-48A8-9398-6C4B3C43DEB4}.Debug|Any CPU.Deploy.0 = Debug|Any CPU
		{488FF9F1-87F7-48A8-9398-6C4B3C43DEB4}.Release|Any CPU.ActiveCfg = Release|Any CPU
		{488FF9F1-87F7-48A8-9398-6C4B3C43DEB4}.Release|Any CPU.Build.0 = Release|Any CPU
		{488FF9F1-87F7-48A8-9398-6C4B3C43DEB4}.Release|Any CPU.Deploy.0 = Release|Any CPU
		{28A414F7-BDB6-4DF3-AA09-6F87D6838B72}.Debug|Any CPU.ActiveCfg = Debug|Any CPU
		{28A414F7-BDB6-4DF3-AA09-6F87D6838B72}.Debug|Any CPU.Build.0 = Debug|Any CPU
		{28A414F7-BDB6-4DF3-AA09-6F87D6838B72}.Release|Any CPU.ActiveCfg = Release|Any CPU
		{28A414F7-BDB6-4DF3-AA09-6F87D6838B72}.Release|Any CPU.Build.0 = Release|Any CPU
		{9F964DE0-FC03-4B4A-B684-90D129889CE0}.Debug|Any CPU.ActiveCfg = Debug|Any CPU
		{9F964DE0-FC03-4B4A-B684-90D129889CE0}.Debug|Any CPU.Build.0 = Debug|Any CPU
		{9F964DE0-FC03-4B4A-B684-90D129889CE0}.Release|Any CPU.ActiveCfg = Release|Any CPU
		{9F964DE0-FC03-4B4A-B684-90D129889CE0}.Release|Any CPU.Build.0 = Release|Any CPU
		{A452C80C-7111-4844-B15B-59A1D9A42880}.Debug|Any CPU.ActiveCfg = Debug|Any CPU
		{A452C80C-7111-4844-B15B-59A1D9A42880}.Debug|Any CPU.Build.0 = Debug|Any CPU
		{A452C80C-7111-4844-B15B-59A1D9A42880}.Release|Any CPU.ActiveCfg = Release|Any CPU
		{A452C80C-7111-4844-B15B-59A1D9A42880}.Release|Any CPU.Build.0 = Release|Any CPU
		{1BC3B259-10C9-4E09-BD7A-FDCCD325E346}.Debug|Any CPU.ActiveCfg = Debug|Any CPU
		{1BC3B259-10C9-4E09-BD7A-FDCCD325E346}.Debug|Any CPU.Build.0 = Debug|Any CPU
		{1BC3B259-10C9-4E09-BD7A-FDCCD325E346}.Release|Any CPU.ActiveCfg = Release|Any CPU
		{1BC3B259-10C9-4E09-BD7A-FDCCD325E346}.Release|Any CPU.Build.0 = Release|Any CPU
		{1D13526E-2CB3-4FA2-9876-8E3FED247CC3}.Debug|Any CPU.ActiveCfg = Debug|Any CPU
		{1D13526E-2CB3-4FA2-9876-8E3FED247CC3}.Debug|Any CPU.Build.0 = Debug|Any CPU
		{1D13526E-2CB3-4FA2-9876-8E3FED247CC3}.Release|Any CPU.ActiveCfg = Release|Any CPU
		{1D13526E-2CB3-4FA2-9876-8E3FED247CC3}.Release|Any CPU.Build.0 = Release|Any CPU
		{F63EA7B6-789F-420E-99D7-CF4D51082021}.Debug|Any CPU.ActiveCfg = Debug|Any CPU
		{F63EA7B6-789F-420E-99D7-CF4D51082021}.Debug|Any CPU.Build.0 = Debug|Any CPU
		{F63EA7B6-789F-420E-99D7-CF4D51082021}.Release|Any CPU.ActiveCfg = Release|Any CPU
		{F63EA7B6-789F-420E-99D7-CF4D51082021}.Release|Any CPU.Build.0 = Release|Any CPU
	EndGlobalSection
	GlobalSection(SolutionProperties) = preSolution
		HideSolutionNode = FALSE
	EndGlobalSection
	GlobalSection(NestedProjects) = preSolution
		{A3B00977-48D8-4212-BBE2-18160D14E8FE} = {73600492-B11D-4AEA-AABA-A4E271B96160}
		{B22A3062-0708-40EA-AE35-92D41A7056DD} = {244D0A5C-4FB8-419E-9C1C-3E6FF6672B82}
		{488FF9F1-87F7-48A8-9398-6C4B3C43DEB4} = {55577EF2-839C-4D98-8CA7-E16ADBC931EA}
		{28A414F7-BDB6-4DF3-AA09-6F87D6838B72} = {244D0A5C-4FB8-419E-9C1C-3E6FF6672B82}
		{9F964DE0-FC03-4B4A-B684-90D129889CE0} = {F042F1E0-897A-4D3B-A2D0-83AC110B220C}
		{A452C80C-7111-4844-B15B-59A1D9A42880} = {4C4AD354-4A24-4540-AE4D-7D8640252D80}
		{1BC3B259-10C9-4E09-BD7A-FDCCD325E346} = {4C4AD354-4A24-4540-AE4D-7D8640252D80}
		{1D13526E-2CB3-4FA2-9876-8E3FED247CC3} = {59382F0C-D70A-4594-A824-FE4230768764}
		{F63EA7B6-789F-420E-99D7-CF4D51082021} = {59382F0C-D70A-4594-A824-FE4230768764}
	EndGlobalSection
	GlobalSection(ExtensibilityGlobals) = postSolution
		SolutionGuid = {E8F4063C-4888-4D2B-B970-66085FA6B1DA}
	EndGlobalSection
EndGlobal
